// !$*UTF8*$!
{
	archiveVersion = 1;
	classes = {
	};
	objectVersion = 55;
	objects = {

/* Begin PBXBuildFile section */
		DBE05B802869F63800A671B1 /* SwiftUI_Realm_oneManyApp.swift in Sources */ = {isa = PBXBuildFile; fileRef = DBE05B7F2869F63800A671B1 /* SwiftUI_Realm_oneManyApp.swift */; };
		DBE05B822869F63800A671B1 /* CountriesListView.swift in Sources */ = {isa = PBXBuildFile; fileRef = DBE05B812869F63800A671B1 /* CountriesListView.swift */; };
		DBE05B842869F63A00A671B1 /* Assets.xcassets in Resources */ = {isa = PBXBuildFile; fileRef = DBE05B832869F63A00A671B1 /* Assets.xcassets */; };
		DBE05B872869F63A00A671B1 /* Preview Assets.xcassets in Resources */ = {isa = PBXBuildFile; fileRef = DBE05B862869F63A00A671B1 /* Preview Assets.xcassets */; };
		DBE05B902869F7DC00A671B1 /* Realm in Frameworks */ = {isa = PBXBuildFile; productRef = DBE05B8F2869F7DC00A671B1 /* Realm */; };
		DBE05B922869F7DC00A671B1 /* RealmSwift in Frameworks */ = {isa = PBXBuildFile; productRef = DBE05B912869F7DC00A671B1 /* RealmSwift */; };
		DBE05B952869F7FD00A671B1 /* Country.swift in Sources */ = {isa = PBXBuildFile; fileRef = DBE05B942869F7FD00A671B1 /* Country.swift */; };
		DBE05B972869F88500A671B1 /* City.swift in Sources */ = {isa = PBXBuildFile; fileRef = DBE05B962869F88500A671B1 /* City.swift */; };
		DBE05B9A2869FC1500A671B1 /* CountryRowView.swift in Sources */ = {isa = PBXBuildFile; fileRef = DBE05B992869FC1500A671B1 /* CountryRowView.swift */; };
		DBE05B9C286A029200A671B1 /* CitiesListView.swift in Sources */ = {isa = PBXBuildFile; fileRef = DBE05B9B286A029200A671B1 /* CitiesListView.swift */; };
/* End PBXBuildFile section */

/* Begin PBXFileReference section */
		DBE05B7C2869F63800A671B1 /* SwiftUI_Realm_oneMany.app */ = {isa = PBXFileReference; explicitFileType = wrapper.application; includeInIndex = 0; path = SwiftUI_Realm_oneMany.app; sourceTree = BUILT_PRODUCTS_DIR; };
		DBE05B7F2869F63800A671B1 /* SwiftUI_Realm_oneManyApp.swift */ = {isa = PBXFileReference; lastKnownFileType = sourcecode.swift; path = SwiftUI_Realm_oneManyApp.swift; sourceTree = "<group>"; };
		DBE05B812869F63800A671B1 /* CountriesListView.swift */ = {isa = PBXFileReference; lastKnownFileType = sourcecode.swift; path = CountriesListView.swift; sourceTree = "<group>"; };
		DBE05B832869F63A00A671B1 /* Assets.xcassets */ = {isa = PBXFileReference; lastKnownFileType = folder.assetcatalog; path = Assets.xcassets; sourceTree = "<group>"; };
		DBE05B862869F63A00A671B1 /* Preview Assets.xcassets */ = {isa = PBXFileReference; lastKnownFileType = folder.assetcatalog; path = "Preview Assets.xcassets"; sourceTree = "<group>"; };
		DBE05B8D2869F70200A671B1 /* SwiftUI-Realm-oneMany-Info.plist */ = {isa = PBXFileReference; lastKnownFileType = text.plist; path = "SwiftUI-Realm-oneMany-Info.plist"; sourceTree = SOURCE_ROOT; };
		DBE05B942869F7FD00A671B1 /* Country.swift */ = {isa = PBXFileReference; lastKnownFileType = sourcecode.swift; path = Country.swift; sourceTree = "<group>"; };
		DBE05B962869F88500A671B1 /* City.swift */ = {isa = PBXFileReference; lastKnownFileType = sourcecode.swift; path = City.swift; sourceTree = "<group>"; };
		DBE05B992869FC1500A671B1 /* CountryRowView.swift */ = {isa = PBXFileReference; lastKnownFileType = sourcecode.swift; path = CountryRowView.swift; sourceTree = "<group>"; };
		DBE05B9B286A029200A671B1 /* CitiesListView.swift */ = {isa = PBXFileReference; lastKnownFileType = sourcecode.swift; path = CitiesListView.swift; sourceTree = "<group>"; };
/* End PBXFileReference section */

/* Begin PBXFrameworksBuildPhase section */
		DBE05B792869F63800A671B1 /* Frameworks */ = {
			isa = PBXFrameworksBuildPhase;
			buildActionMask = 2147483647;
			files = (
				DBE05B922869F7DC00A671B1 /* RealmSwift in Frameworks */,
				DBE05B902869F7DC00A671B1 /* Realm in Frameworks */,
			);
			runOnlyForDeploymentPostprocessing = 0;
		};
/* End PBXFrameworksBuildPhase section */

/* Begin PBXGroup section */
		DBE05B732869F63800A671B1 = {
			isa = PBXGroup;
			children = (
				DBE05B7E2869F63800A671B1 /* SwiftUI_Realm_oneMany */,
				DBE05B7D2869F63800A671B1 /* Products */,
			);
			sourceTree = "<group>";
		};
		DBE05B7D2869F63800A671B1 /* Products */ = {
			isa = PBXGroup;
			children = (
				DBE05B7C2869F63800A671B1 /* SwiftUI_Realm_oneMany.app */,
			);
			name = Products;
			sourceTree = "<group>";
		};
		DBE05B7E2869F63800A671B1 /* SwiftUI_Realm_oneMany */ = {
			isa = PBXGroup;
			children = (
				DBE05B982869F97400A671B1 /* Views */,
				DBE05B932869F7ED00A671B1 /* Models */,
				DBE05B7F2869F63800A671B1 /* SwiftUI_Realm_oneManyApp.swift */,
				DBE05B832869F63A00A671B1 /* Assets.xcassets */,
				DBE05B8D2869F70200A671B1 /* SwiftUI-Realm-oneMany-Info.plist */,
				DBE05B852869F63A00A671B1 /* Preview Content */,
			);
			path = SwiftUI_Realm_oneMany;
			sourceTree = "<group>";
		};
		DBE05B852869F63A00A671B1 /* Preview Content */ = {
			isa = PBXGroup;
			children = (
				DBE05B862869F63A00A671B1 /* Preview Assets.xcassets */,
			);
			path = "Preview Content";
			sourceTree = "<group>";
		};
		DBE05B932869F7ED00A671B1 /* Models */ = {
			isa = PBXGroup;
			children = (
				DBE05B942869F7FD00A671B1 /* Country.swift */,
				DBE05B962869F88500A671B1 /* City.swift */,
			);
			path = Models;
			sourceTree = "<group>";
		};
		DBE05B982869F97400A671B1 /* Views */ = {
			isa = PBXGroup;
			children = (
				DBE05B812869F63800A671B1 /* CountriesListView.swift */,
				DBE05B992869FC1500A671B1 /* CountryRowView.swift */,
				DBE05B9B286A029200A671B1 /* CitiesListView.swift */,
			);
			path = Views;
			sourceTree = "<group>";
		};
/* End PBXGroup section */

/* Begin PBXNativeTarget section */
		DBE05B7B2869F63800A671B1 /* SwiftUI_Realm_oneMany */ = {
			isa = PBXNativeTarget;
			buildConfigurationList = DBE05B8A2869F63A00A671B1 /* Build configuration list for PBXNativeTarget "SwiftUI_Realm_oneMany" */;
			buildPhases = (
				DBE05B782869F63800A671B1 /* Sources */,
				DBE05B792869F63800A671B1 /* Frameworks */,
				DBE05B7A2869F63800A671B1 /* Resources */,
			);
			buildRules = (
			);
			dependencies = (
			);
			name = SwiftUI_Realm_oneMany;
			packageProductDependencies = (
				DBE05B8F2869F7DC00A671B1 /* Realm */,
				DBE05B912869F7DC00A671B1 /* RealmSwift */,
			);
			productName = SwiftUI_Realm_oneMany;
			productReference = DBE05B7C2869F63800A671B1 /* SwiftUI_Realm_oneMany.app */;
			productType = "com.apple.product-type.application";
		};
/* End PBXNativeTarget section */

/* Begin PBXProject section */
		DBE05B742869F63800A671B1 /* Project object */ = {
			isa = PBXProject;
			attributes = {
				BuildIndependentTargetsInParallel = 1;
				LastSwiftUpdateCheck = 1340;
				LastUpgradeCheck = 1340;
				TargetAttributes = {
					DBE05B7B2869F63800A671B1 = {
						CreatedOnToolsVersion = 13.4.1;
					};
				};
			};
			buildConfigurationList = DBE05B772869F63800A671B1 /* Build configuration list for PBXProject "SwiftUI_Realm_oneMany" */;
			compatibilityVersion = "Xcode 13.0";
			developmentRegion = en;
			hasScannedForEncodings = 0;
			knownRegions = (
				en,
				Base,
			);
			mainGroup = DBE05B732869F63800A671B1;
			packageReferences = (
				DBE05B8E2869F7DB00A671B1 /* XCRemoteSwiftPackageReference "realm-swift" */,
			);
			productRefGroup = DBE05B7D2869F63800A671B1 /* Products */;
			projectDirPath = "";
			projectRoot = "";
			targets = (
				DBE05B7B2869F63800A671B1 /* SwiftUI_Realm_oneMany */,
			);
		};
/* End PBXProject section */

/* Begin PBXResourcesBuildPhase section */
		DBE05B7A2869F63800A671B1 /* Resources */ = {
			isa = PBXResourcesBuildPhase;
			buildActionMask = 2147483647;
			files = (
				DBE05B872869F63A00A671B1 /* Preview Assets.xcassets in Resources */,
				DBE05B842869F63A00A671B1 /* Assets.xcassets in Resources */,
			);
			runOnlyForDeploymentPostprocessing = 0;
		};
/* End PBXResourcesBuildPhase section */

/* Begin PBXSourcesBuildPhase section */
		DBE05B782869F63800A671B1 /* Sources */ = {
			isa = PBXSourcesBuildPhase;
			buildActionMask = 2147483647;
			files = (
				DBE05B822869F63800A671B1 /* CountriesListView.swift in Sources */,
				DBE05B9C286A029200A671B1 /* CitiesListView.swift in Sources */,
				DBE05B952869F7FD00A671B1 /* Country.swift in Sources */,
				DBE05B9A2869FC1500A671B1 /* CountryRowView.swift in Sources */,
				DBE05B972869F88500A671B1 /* City.swift in Sources */,
				DBE05B802869F63800A671B1 /* SwiftUI_Realm_oneManyApp.swift in Sources */,
			);
			runOnlyForDeploymentPostprocessing = 0;
		};
/* End PBXSourcesBuildPhase section */

/* Begin XCBuildConfiguration section */
		DBE05B882869F63A00A671B1 /* Debug */ = {
			isa = XCBuildConfiguration;
			buildSettings = {
				ALWAYS_SEARCH_USER_PATHS = NO;
				CLANG_ANALYZER_NONNULL = YES;
				CLANG_ANALYZER_NUMBER_OBJECT_CONVERSION = YES_AGGRESSIVE;
				CLANG_CXX_LANGUAGE_STANDARD = "gnu++17";
				CLANG_ENABLE_MODULES = YES;
				CLANG_ENABLE_OBJC_ARC = YES;
				CLANG_ENABLE_OBJC_WEAK = YES;
				CLANG_WARN_BLOCK_CAPTURE_AUTORELEASING = YES;
				CLANG_WARN_BOOL_CONVERSION = YES;
				CLANG_WARN_COMMA = YES;
				CLANG_WARN_CONSTANT_CONVERSION = YES;
				CLANG_WARN_DEPRECATED_OBJC_IMPLEMENTATIONS = YES;
				CLANG_WARN_DIRECT_OBJC_ISA_USAGE = YES_ERROR;
				CLANG_WARN_DOCUMENTATION_COMMENTS = YES;
				CLANG_WARN_EMPTY_BODY = YES;
				CLANG_WARN_ENUM_CONVERSION = YES;
				CLANG_WARN_INFINITE_RECURSION = YES;
				CLANG_WARN_INT_CONVERSION = YES;
				CLANG_WARN_NON_LITERAL_NULL_CONVERSION = YES;
				CLANG_WARN_OBJC_IMPLICIT_RETAIN_SELF = YES;
				CLANG_WARN_OBJC_LITERAL_CONVERSION = YES;
				CLANG_WARN_OBJC_ROOT_CLASS = YES_ERROR;
				CLANG_WARN_QUOTED_INCLUDE_IN_FRAMEWORK_HEADER = YES;
				CLANG_WARN_RANGE_LOOP_ANALYSIS = YES;
				CLANG_WARN_STRICT_PROTOTYPES = YES;
				CLANG_WARN_SUSPICIOUS_MOVE = YES;
				CLANG_WARN_UNGUARDED_AVAILABILITY = YES_AGGRESSIVE;
				CLANG_WARN_UNREACHABLE_CODE = YES;
				CLANG_WARN__DUPLICATE_METHOD_MATCH = YES;
				COPY_PHASE_STRIP = NO;
				DEBUG_INFORMATION_FORMAT = dwarf;
				ENABLE_STRICT_OBJC_MSGSEND = YES;
				ENABLE_TESTABILITY = YES;
				GCC_C_LANGUAGE_STANDARD = gnu11;
				GCC_DYNAMIC_NO_PIC = NO;
				GCC_NO_COMMON_BLOCKS = YES;
				GCC_OPTIMIZATION_LEVEL = 0;
				GCC_PREPROCESSOR_DEFINITIONS = (
					"DEBUG=1",
					"$(inherited)",
				);
				GCC_WARN_64_TO_32_BIT_CONVERSION = YES;
				GCC_WARN_ABOUT_RETURN_TYPE = YES_ERROR;
				GCC_WARN_UNDECLARED_SELECTOR = YES;
				GCC_WARN_UNINITIALIZED_AUTOS = YES_AGGRESSIVE;
				GCC_WARN_UNUSED_FUNCTION = YES;
				GCC_WARN_UNUSED_VARIABLE = YES;
				IPHONEOS_DEPLOYMENT_TARGET = 15.5;
				MTL_ENABLE_DEBUG_INFO = INCLUDE_SOURCE;
				MTL_FAST_MATH = YES;
				ONLY_ACTIVE_ARCH = YES;
				SDKROOT = iphoneos;
				SWIFT_ACTIVE_COMPILATION_CONDITIONS = DEBUG;
				SWIFT_OPTIMIZATION_LEVEL = "-Onone";
			};
			name = Debug;
		};
		DBE05B892869F63A00A671B1 /* Release */ = {
			isa = XCBuildConfiguration;
			buildSettings = {
				ALWAYS_SEARCH_USER_PATHS = NO;
				CLANG_ANALYZER_NONNULL = YES;
				CLANG_ANALYZER_NUMBER_OBJECT_CONVERSION = YES_AGGRESSIVE;
				CLANG_CXX_LANGUAGE_STANDARD = "gnu++17";
				CLANG_ENABLE_MODULES = YES;
				CLANG_ENABLE_OBJC_ARC = YES;
				CLANG_ENABLE_OBJC_WEAK = YES;
				CLANG_WARN_BLOCK_CAPTURE_AUTORELEASING = YES;
				CLANG_WARN_BOOL_CONVERSION = YES;
				CLANG_WARN_COMMA = YES;
				CLANG_WARN_CONSTANT_CONVERSION = YES;
				CLANG_WARN_DEPRECATED_OBJC_IMPLEMENTATIONS = YES;
				CLANG_WARN_DIRECT_OBJC_ISA_USAGE = YES_ERROR;
				CLANG_WARN_DOCUMENTATION_COMMENTS = YES;
				CLANG_WARN_EMPTY_BODY = YES;
				CLANG_WARN_ENUM_CONVERSION = YES;
				CLANG_WARN_INFINITE_RECURSION = YES;
				CLANG_WARN_INT_CONVERSION = YES;
				CLANG_WARN_NON_LITERAL_NULL_CONVERSION = YES;
				CLANG_WARN_OBJC_IMPLICIT_RETAIN_SELF = YES;
				CLANG_WARN_OBJC_LITERAL_CONVERSION = YES;
				CLANG_WARN_OBJC_ROOT_CLASS = YES_ERROR;
				CLANG_WARN_QUOTED_INCLUDE_IN_FRAMEWORK_HEADER = YES;
				CLANG_WARN_RANGE_LOOP_ANALYSIS = YES;
				CLANG_WARN_STRICT_PROTOTYPES = YES;
				CLANG_WARN_SUSPICIOUS_MOVE = YES;
				CLANG_WARN_UNGUARDED_AVAILABILITY = YES_AGGRESSIVE;
				CLANG_WARN_UNREACHABLE_CODE = YES;
				CLANG_WARN__DUPLICATE_METHOD_MATCH = YES;
				COPY_PHASE_STRIP = NO;
				DEBUG_INFORMATION_FORMAT = "dwarf-with-dsym";
				ENABLE_NS_ASSERTIONS = NO;
				ENABLE_STRICT_OBJC_MSGSEND = YES;
				GCC_C_LANGUAGE_STANDARD = gnu11;
				GCC_NO_COMMON_BLOCKS = YES;
				GCC_WARN_64_TO_32_BIT_CONVERSION = YES;
				GCC_WARN_ABOUT_RETURN_TYPE = YES_ERROR;
				GCC_WARN_UNDECLARED_SELECTOR = YES;
				GCC_WARN_UNINITIALIZED_AUTOS = YES_AGGRESSIVE;
				GCC_WARN_UNUSED_FUNCTION = YES;
				GCC_WARN_UNUSED_VARIABLE = YES;
				IPHONEOS_DEPLOYMENT_TARGET = 15.5;
				MTL_ENABLE_DEBUG_INFO = NO;
				MTL_FAST_MATH = YES;
				SDKROOT = iphoneos;
				SWIFT_COMPILATION_MODE = wholemodule;
				SWIFT_OPTIMIZATION_LEVEL = "-O";
				VALIDATE_PRODUCT = YES;
			};
			name = Release;
		};
		DBE05B8B2869F63A00A671B1 /* Debug */ = {
			isa = XCBuildConfiguration;
			buildSettings = {
				ASSETCATALOG_COMPILER_APPICON_NAME = AppIcon;
				ASSETCATALOG_COMPILER_GLOBAL_ACCENT_COLOR_NAME = AccentColor;
				CODE_SIGN_STYLE = Automatic;
				CURRENT_PROJECT_VERSION = 1;
				DEVELOPMENT_ASSET_PATHS = "\"SwiftUI_Realm_oneMany/Preview Content\"";
				DEVELOPMENT_TEAM = RMQMMDFU8P;
				ENABLE_PREVIEWS = YES;
				GENERATE_INFOPLIST_FILE = YES;
				INFOPLIST_FILE = "SwiftUI-Realm-oneMany-Info.plist";
				INFOPLIST_KEY_UIApplicationSceneManifest_Generation = YES;
				INFOPLIST_KEY_UIApplicationSupportsIndirectInputEvents = YES;
				INFOPLIST_KEY_UILaunchScreen_Generation = YES;
				INFOPLIST_KEY_UISupportedInterfaceOrientations_iPad = "UIInterfaceOrientationPortrait UIInterfaceOrientationPortraitUpsideDown UIInterfaceOrientationLandscapeLeft UIInterfaceOrientationLandscapeRight";
				INFOPLIST_KEY_UISupportedInterfaceOrientations_iPhone = "UIInterfaceOrientationPortrait UIInterfaceOrientationLandscapeLeft UIInterfaceOrientationLandscapeRight";
				LD_RUNPATH_SEARCH_PATHS = (
					"$(inherited)",
					"@executable_path/Frameworks",
				);
				MARKETING_VERSION = 1.0;
				PRODUCT_BUNDLE_IDENTIFIER = "jh.SwiftUI-Realm-oneMany";
				PRODUCT_NAME = "$(TARGET_NAME)";
				SWIFT_EMIT_LOC_STRINGS = YES;
				SWIFT_VERSION = 5.0;
				TARGETED_DEVICE_FAMILY = "1,2";
			};
			name = Debug;
		};
		DBE05B8C2869F63A00A671B1 /* Release */ = {
			isa = XCBuildConfiguration;
			buildSettings = {
				ASSETCATALOG_COMPILER_APPICON_NAME = AppIcon;
				ASSETCATALOG_COMPILER_GLOBAL_ACCENT_COLOR_NAME = AccentColor;
				CODE_SIGN_STYLE = Automatic;
				CURRENT_PROJECT_VERSION = 1;
				DEVELOPMENT_ASSET_PATHS = "\"SwiftUI_Realm_oneMany/Preview Content\"";
				DEVELOPMENT_TEAM = RMQMMDFU8P;
				ENABLE_PREVIEWS = YES;
				GENERATE_INFOPLIST_FILE = YES;
				INFOPLIST_FILE = "SwiftUI-Realm-oneMany-Info.plist";
				INFOPLIST_KEY_UIApplicationSceneManifest_Generation = YES;
				INFOPLIST_KEY_UIApplicationSupportsIndirectInputEvents = YES;
				INFOPLIST_KEY_UILaunchScreen_Generation = YES;
				INFOPLIST_KEY_UISupportedInterfaceOrientations_iPad = "UIInterfaceOrientationPortrait UIInterfaceOrientationPortraitUpsideDown UIInterfaceOrientationLandscapeLeft UIInterfaceOrientationLandscapeRight";
				INFOPLIST_KEY_UISupportedInterfaceOrientations_iPhone = "UIInterfaceOrientationPortrait UIInterfaceOrientationLandscapeLeft UIInterfaceOrientationLandscapeRight";
				LD_RUNPATH_SEARCH_PATHS = (
					"$(inherited)",
					"@executable_path/Frameworks",
				);
				MARKETING_VERSION = 1.0;
				PRODUCT_BUNDLE_IDENTIFIER = "jh.SwiftUI-Realm-oneMany";
				PRODUCT_NAME = "$(TARGET_NAME)";
				SWIFT_EMIT_LOC_STRINGS = YES;
				SWIFT_VERSION = 5.0;
				TARGETED_DEVICE_FAMILY = "1,2";
			};
			name = Release;
		};
/* End XCBuildConfiguration section */

/* Begin XCConfigurationList section */
		DBE05B772869F63800A671B1 /* Build configuration list for PBXProject "SwiftUI_Realm_oneMany" */ = {
			isa = XCConfigurationList;
			buildConfigurations = (
				DBE05B882869F63A00A671B1 /* Debug */,
				DBE05B892869F63A00A671B1 /* Release */,
			);
			defaultConfigurationIsVisible = 0;
			defaultConfigurationName = Release;
		};
		DBE05B8A2869F63A00A671B1 /* Build configuration list for PBXNativeTarget "SwiftUI_Realm_oneMany" */ = {
			isa = XCConfigurationList;
			buildConfigurations = (
				DBE05B8B2869F63A00A671B1 /* Debug */,
				DBE05B8C2869F63A00A671B1 /* Release */,
			);
			defaultConfigurationIsVisible = 0;
			defaultConfigurationName = Release;
		};
/* End XCConfigurationList section */

/* Begin XCRemoteSwiftPackageReference section */
		DBE05B8E2869F7DB00A671B1 /* XCRemoteSwiftPackageReference "realm-swift" */ = {
			isa = XCRemoteSwiftPackageReference;
			repositoryURL = "https://github.com/realm/realm-swift";
			requirement = {
				branch = master;
				kind = branch;
			};
		};
/* End XCRemoteSwiftPackageReference section */

/* Begin XCSwiftPackageProductDependency section */
		DBE05B8F2869F7DC00A671B1 /* Realm */ = {
			isa = XCSwiftPackageProductDependency;
			package = DBE05B8E2869F7DB00A671B1 /* XCRemoteSwiftPackageReference "realm-swift" */;
			productName = Realm;
		};
		DBE05B912869F7DC00A671B1 /* RealmSwift */ = {
			isa = XCSwiftPackageProductDependency;
			package = DBE05B8E2869F7DB00A671B1 /* XCRemoteSwiftPackageReference "realm-swift" */;
			productName = RealmSwift;
		};
/* End XCSwiftPackageProductDependency section */
	};
	rootObject = DBE05B742869F63800A671B1 /* Project object */;
}
